// !$*UTF8*$!
{
	archiveVersion = 1;
	classes = {
	};
	objectVersion = 56;
	objects = {

/* Begin PBXBuildFile section */
		A1B2C3D400000011 /* DiyaVapeApp.swift in Sources */ = {isa = PBXBuildFile; fileRef = A1B2C3D400000101 /* DiyaVapeApp.swift */; };
		A1B2C3D400000012 /* ContentView.swift in Sources */ = {isa = PBXBuildFile; fileRef = A1B2C3D400000102 /* ContentView.swift */; };
		A1B2C3D400000013 /* BrowserWebView.swift in Sources */ = {isa = PBXBuildFile; fileRef = A1B2C3D400000103 /* BrowserWebView.swift */; };
		A1B2C3D400000014 /* EncodedUrls.swift in Sources */ = {isa = PBXBuildFile; fileRef = A1B2C3D400000104 /* EncodedUrls.swift */; };
		A1B2C3D400000015 /* StartupManager.swift in Sources */ = {isa = PBXBuildFile; fileRef = A1B2C3D400000105 /* StartupManager.swift */; };
		A1B2C3D400000016 /* WebNavigationHelper.swift in Sources */ = {isa = PBXBuildFile; fileRef = A1B2C3D400000106 /* WebNavigationHelper.swift */; };
		A1B2C3D400000017 /* Assets.xcassets in Resources */ = {isa = PBXBuildFile; fileRef = A1B2C3D400000107 /* Assets.xcassets */; };
/* End PBXBuildFile section */

/* Begin PBXFileReference section */
		A1B2C3D400000001 /* DiyaVape.app */ = {isa = PBXFileReference; explicitFileType = wrapper.application; includeInIndex = 0; path = DiyaVape.app; sourceTree = BUILT_PRODUCTS_DIR; };
		A1B2C3D400000101 /* DiyaVapeApp.swift */ = {isa = PBXFileReference; lastKnownFileType = sourcecode.swift; path = DiyaVapeApp.swift; sourceTree = "<group>"; };
		A1B2C3D400000102 /* ContentView.swift */ = {isa = PBXFileReference; lastKnownFileType = sourcecode.swift; path = ContentView.swift; sourceTree = "<group>"; };
		A1B2C3D400000103 /* BrowserWebView.swift */ = {isa = PBXFileReference; lastKnownFileType = sourcecode.swift; path = BrowserWebView.swift; sourceTree = "<group>"; };
		A1B2C3D400000104 /* EncodedUrls.swift */ = {isa = PBXFileReference; lastKnownFileType = sourcecode.swift; path = EncodedUrls.swift; sourceTree = "<group>"; };
		A1B2C3D400000105 /* StartupManager.swift */ = {isa = PBXFileReference; lastKnownFileType = sourcecode.swift; path = StartupManager.swift; sourceTree = "<group>"; };
		A1B2C3D400000106 /* WebNavigationHelper.swift */ = {isa = PBXFileReference; lastKnownFileType = sourcecode.swift; path = WebNavigationHelper.swift; sourceTree = "<group>"; };
		A1B2C3D400000107 /* Assets.xcassets */ = {isa = PBXFileReference; lastKnownFileType = folder.assetcatalog; path = Assets.xcassets; sourceTree = "<group>"; };
		A1B2C3D400000108 /* Info.plist */ = {isa = PBXFileReference; lastKnownFileType = text.plist.xml; path = Info.plist; sourceTree = "<group>"; };
/* End PBXFileReference section */

/* Begin PBXFrameworksBuildPhase section */
		A1B2C3D400000201 /* Frameworks */ = {
			isa = PBXFrameworksBuildPhase;
			buildActionMask = 2147483647;
			files = (
			);
			runOnlyForDeploymentPostprocessing = 0;
		};
/* End PBXFrameworksBuildPhase section */

/* Begin PBXGroup section */
		A1B2C3D400000301 /* Root */ = {
			isa = PBXGroup;
			children = (
				A1B2C3D400000302 /* DiyaVape */,
				A1B2C3D400000303 /* Products */,
			);
			sourceTree = "<group>";
		};
		A1B2C3D400000302 /* DiyaVape */ = {
			isa = PBXGroup;
			children = (
				A1B2C3D400000101 /* DiyaVapeApp.swift */,
				A1B2C3D400000102 /* ContentView.swift */,
				A1B2C3D400000103 /* BrowserWebView.swift */,
				A1B2C3D400000104 /* EncodedUrls.swift */,
				A1B2C3D400000105 /* StartupManager.swift */,
				A1B2C3D400000106 /* WebNavigationHelper.swift */,
				A1B2C3D400000107 /* Assets.xcassets */,
				A1B2C3D400000108 /* Info.plist */,
			);
			path = DiyaVape;
			sourceTree = "<group>";
		};
		A1B2C3D400000303 /* Products */ = {
			isa = PBXGroup;
			children = (
				A1B2C3D400000001 /* DiyaVape.app */,
			);
			name = Products;
			sourceTree = "<group>";
		};
/* End PBXGroup section */

/* Begin PBXNativeTarget section */
		A1B2C3D400000401 /* DiyaVape */ = {
			isa = PBXNativeTarget;
			buildConfigurationList = A1B2C3D400000601 /* Build configuration list for PBXNativeTarget "DiyaVape" */;
			buildPhases = (
				A1B2C3D400000501 /* Sources */,
				A1B2C3D400000201 /* Frameworks */,
				A1B2C3D400000502 /* Resources */,
			);
			buildRules = (
			);
			dependencies = (
			);
			name = DiyaVape;
			productName = DiyaVape;
			productReference = A1B2C3D400000001 /* DiyaVape.app */;
			productType = "com.apple.product-type.application";
		};
/* End PBXNativeTarget section */

/* Begin PBXProject section */
		A1B2C3D400000701 /* Project object */ = {
			isa = PBXProject;
			attributes = {
				BuildIndependentTargetsInParallel = 1;
				LastSwiftUpdateCheck = 1500;
				LastUpgradeCheck = 1500;
				TargetAttributes = {
					A1B2C3D400000401 = {
						CreatedOnToolsVersion = 15.0;
					};
				};
			};
			buildConfigurationList = A1B2C3D400000801 /* Build configuration list for PBXProject "DiyaVape" */;
			compatibilityVersion = "Xcode 14.0";
			developmentRegion = en;
			hasScannedForEncodings = 0;
			knownRegions = (
				en,
				Base,
			);
			mainGroup = A1B2C3D400000301 /* Root */;
			productRefGroup = A1B2C3D400000303 /* Products */;
			projectDirPath = "";
			projectRoot = "";
			targets = (
				A1B2C3D400000401 /* DiyaVape */,
			);
		};
/* End PBXProject section */

/* Begin PBXResourcesBuildPhase section */
		A1B2C3D400000502 /* Resources */ = {
			isa = PBXResourcesBuildPhase;
			buildActionMask = 2147483647;
			files = (
				A1B2C3D400000017 /* Assets.xcassets in Resources */,
			);
			runOnlyForDeploymentPostprocessing = 0;
		};
/* End PBXResourcesBuildPhase section */

/* Begin PBXSourcesBuildPhase section */
		A1B2C3D400000501 /* Sources */ = {
			isa = PBXSourcesBuildPhase;
			buildActionMask = 2147483647;
			files = (
				A1B2C3D400000011 /* DiyaVapeApp.swift in Sources */,
				A1B2C3D400000012 /* ContentView.swift in Sources */,
				A1B2C3D400000013 /* BrowserWebView.swift in Sources */,
				A1B2C3D400000014 /* EncodedUrls.swift in Sources */,
				A1B2C3D400000015 /* StartupManager.swift in Sources */,
				A1B2C3D400000016 /* WebNavigationHelper.swift in Sources */,
			);
			runOnlyForDeploymentPostprocessing = 0;
		};
/* End PBXSourcesBuildPhase section */

/* Begin XCBuildConfiguration section */
		A1B2C3D400000901 /* Debug */ = {
			isa = XCBuildConfiguration;
			buildSettings = {
				ALWAYS_SEARCH_USER_PATHS = NO;
				ASSETCATALOG_COMPILER_GENERATE_SWIFT_ASSET_SYMBOL_EXTENSIONS = YES;
				CLANG_ANALYZER_NONNULL = YES;
				CLANG_ENABLE_MODULES = YES;
				CLANG_ENABLE_OBJC_ARC = YES;
				COPY_PHASE_STRIP = NO;
				DEBUG_INFORMATION_FORMAT = dwarf;
				ENABLE_STRICT_OBJC_MSGSEND = YES;
				ENABLE_TESTABILITY = YES;
				GCC_DYNAMIC_NO_PIC = NO;
				GCC_OPTIMIZATION_LEVEL = 0;
				GCC_PREPROCESSOR_DEFINITIONS = (
					"DEBUG=1",
					"$(inherited)",
				);
				IPHONEOS_DEPLOYMENT_TARGET = 15.0;
				MTL_ENABLE_DEBUG_INFO = INCLUDE_SOURCE;
				ONLY_ACTIVE_ARCH = YES;
				SDKROOT = iphoneos;
				SWIFT_ACTIVE_COMPILATION_CONDITIONS = DEBUG;
				SWIFT_OPTIMIZATION_LEVEL = "-Onone";
			};
			name = Debug;
		};
		A1B2C3D400000902 /* Release */ = {
			isa = XCBuildConfiguration;
			buildSettings = {
				ALWAYS_SEARCH_USER_PATHS = NO;
				ASSETCATALOG_COMPILER_GENERATE_SWIFT_ASSET_SYMBOL_EXTENSIONS = YES;
				CLANG_ANALYZER_NONNULL = YES;
				CLANG_ENABLE_MODULES = YES;
				CLANG_ENABLE_OBJC_ARC = YES;
				COPY_PHASE_STRIP = NO;
				DEBUG_INFORMATION_FORMAT = "dwarf-with-dsym";
				ENABLE_NS_ASSERTIONS = NO;
				ENABLE_STRICT_OBJC_MSGSEND = YES;
				GCC_OPTIMIZATION_LEVEL = s;
				IPHONEOS_DEPLOYMENT_TARGET = 15.0;
				MTL_ENABLE_DEBUG_INFO = NO;
				SDKROOT = iphoneos;
				SWIFT_COMPILATION_MODE = wholemodule;
				VALIDATE_PRODUCT = YES;
			};
			name = Release;
		};
		A1B2C3D400000903 /* Debug */ = {
			isa = XCBuildConfiguration;
			buildSettings = {
				ASSETCATALOG_COMPILER_APPICON_NAME = AppIcon;
				ASSETCATALOG_COMPILER_GLOBAL_ACCENT_COLOR_NAME = "";
				CODE_SIGN_STYLE = Automatic;
				CURRENT_PROJECT_VERSION = 1;
				DEVELOPMENT_TEAM = "";
				ENABLE_PREVIEWS = YES;
				GENERATE_INFOPLIST_FILE = NO;
				INFOPLIST_FILE = DiyaVape/Info.plist;
				INFOPLIST_KEY_CFBundleDisplayName = "Diya Vape";
				INFOPLIST_KEY_UIApplicationSupportsIndirectInputEvents = YES;
				INFOPLIST_KEY_UILaunchScreen_Generation = YES;
				INFOPLIST_KEY_UISupportedInterfaceOrientations = UIInterfaceOrientationPortrait;
				LD_RUNPATH_SEARCH_PATHS = (
					"$(inherited)",
					"@executable_path/Frameworks",
				);
				MARKETING_VERSION = 1.0.0;
				PRODUCT_BUNDLE_IDENTIFIER = shop.diyavape.app;
				PRODUCT_NAME = "$(TARGET_NAME)";
				SUPPORTED_PLATFORMS = "iphoneos iphonesimulator";
				SUPPORTS_MACCATALYST = NO;
				SWIFT_EMIT_LOC_STRINGS = YES;
				SWIFT_VERSION = 5.0;
				TARGETED_DEVICE_FAMILY = 1;
			};
			name = Debug;
		};
		A1B2C3D400000904 /* Release */ = {
			isa = XCBuildConfiguration;
			buildSettings = {
				ASSETCATALOG_COMPILER_APPICON_NAME = AppIcon;
				ASSETCATALOG_COMPILER_GLOBAL_ACCENT_COLOR_NAME = "";
				CODE_SIGN_STYLE = Automatic;
				CURRENT_PROJECT_VERSION = 1;
				DEVELOPMENT_TEAM = "";
				ENABLE_PREVIEWS = YES;
				GENERATE_INFOPLIST_FILE = NO;
				INFOPLIST_FILE = DiyaVape/Info.plist;
				INFOPLIST_KEY_CFBundleDisplayName = "Diya Vape";
				INFOPLIST_KEY_UIApplicationSupportsIndirectInputEvents = YES;
				INFOPLIST_KEY_UILaunchScreen_Generation = YES;
				INFOPLIST_KEY_UISupportedInterfaceOrientations = UIInterfaceOrientationPortrait;
				LD_RUNPATH_SEARCH_PATHS = (
					"$(inherited)",
					"@executable_path/Frameworks",
				);
				MARKETING_VERSION = 1.0.0;
				PRODUCT_BUNDLE_IDENTIFIER = shop.diyavape.app;
				PRODUCT_NAME = "$(TARGET_NAME)";
				SUPPORTED_PLATFORMS = "iphoneos iphonesimulator";
				SUPPORTS_MACCATALYST = NO;
				SWIFT_EMIT_LOC_STRINGS = YES;
				SWIFT_VERSION = 5.0;
				TARGETED_DEVICE_FAMILY = 1;
			};
			name = Release;
		};
/* End XCBuildConfiguration section */

/* Begin XCConfigurationList section */
		A1B2C3D400000601 /* Build configuration list for PBXNativeTarget "DiyaVape" */ = {
			isa = XCConfigurationList;
			buildConfigurations = (
				A1B2C3D400000903 /* Debug */,
				A1B2C3D400000904 /* Release */,
			);
			defaultConfigurationIsVisible = 0;
			defaultConfigurationName = Release;
		};
		A1B2C3D400000801 /* Build configuration list for PBXProject "DiyaVape" */ = {
			isa = XCConfigurationList;
			buildConfigurations = (
				A1B2C3D400000901 /* Debug */,
				A1B2C3D400000902 /* Release */,
			);
			defaultConfigurationIsVisible = 0;
			defaultConfigurationName = Release;
		};
/* End XCConfigurationList section */
	};
	rootObject = A1B2C3D400000701 /* Project object */;
}
